
Microsoft Visual Studio Solution File, Format Version 12.00
# Visual Studio Version 17
VisualStudioVersion = 17.11.35312.102
MinimumVisualStudioVersion = 10.0.40219.1
Project("{FAE04EC0-301F-11D3-BF4B-00C04F79EFBC}") = "LS.Plugins.AccountCapitalize", "LS.Plugins.AccountCapitalize\LS.Plugins.AccountCapitalize.csproj", "{FE167D98-784D-4811-85AB-CCD46CB4E780}"
EndProject
Project("{FAE04EC0-301F-11D3-BF4B-00C04F79EFBC}") = "LS.Plugins.Tests", "LS.Plugins.Tests\LS.Plugins.Tests.csproj", "{3C05E6F4-1FF1-477C-87DB-BDFB77FDBE66}"
EndProject
Project("{FAE04EC0-301F-11D3-BF4B-00C04F79EFBC}") = "LS.Plugins.ContactAssociate", "LS.Plugins.ContactAssociate\LS.Plugins.ContactAssociate.csproj", "{A83BC053-3336-45CB-BE51-71BD1B104448}"
EndProject
Global
	GlobalSection(SolutionConfigurationPlatforms) = preSolution
		Debug|Any CPU = Debug|Any CPU
		Release|Any CPU = Release|Any CPU
	EndGlobalSection
	GlobalSection(ProjectConfigurationPlatforms) = postSolution
		{FE167D98-784D-4811-85AB-CCD46CB4E780}.Debug|Any CPU.ActiveCfg = Debug|Any CPU
		{FE167D98-784D-4811-85AB-CCD46CB4E780}.Debug|Any CPU.Build.0 = Debug|Any CPU
		{FE167D98-784D-4811-85AB-CCD46CB4E780}.Release|Any CPU.ActiveCfg = Release|Any CPU
		{FE167D98-784D-4811-85AB-CCD46CB4E780}.Release|Any CPU.Build.0 = Release|Any CPU
		{3C05E6F4-1FF1-477C-87DB-BDFB77FDBE66}.Debug|Any CPU.ActiveCfg = Debug|Any CPU
		{3C05E6F4-1FF1-477C-87DB-BDFB77FDBE66}.Debug|Any CPU.Build.0 = Debug|Any CPU
		{3C05E6F4-1FF1-477C-87DB-BDFB77FDBE66}.Release|Any CPU.ActiveCfg = Release|Any CPU
		{3C05E6F4-1FF1-477C-87DB-BDFB77FDBE66}.Release|Any CPU.Build.0 = Release|Any CPU
		{A83BC053-3336-45CB-BE51-71BD1B104448}.Debug|Any CPU.ActiveCfg = Debug|Any CPU
		{A83BC053-3336-45CB-BE51-71BD1B104448}.Debug|Any CPU.Build.0 = Debug|Any CPU
		{A83BC053-3336-45CB-BE51-71BD1B104448}.Release|Any CPU.ActiveCfg = Release|Any CPU
		{A83BC053-3336-45CB-BE51-71BD1B104448}.Release|Any CPU.Build.0 = Release|Any CPU
	EndGlobalSection
	GlobalSection(SolutionProperties) = preSolution
		HideSolutionNode = FALSE
	EndGlobalSection
	GlobalSection(ExtensibilityGlobals) = postSolution
		SolutionGuid = {FFE5DE70-E934-4393-8165-07B06EBFEA83}
	EndGlobalSection
EndGlobal
